<?xml version="1.0" encoding="utf-8"?>
<Project ToolsVersion="4.0" xmlns="http://schemas.microsoft.com/developer/msbuild/2003">
  <ItemGroup>
    <Filter Include="Kaynak Dosyalar">
      <UniqueIdentifier>{4FC737F1-C7A5-4376-A066-2A32D752A2FF}</UniqueIdentifier>
      <Extensions>cpp;c;cc;cxx;c++;cppm;ixx;def;odl;idl;hpj;bat;asm;asmx</Extensions>
    </Filter>
    <Filter Include="Üst Bilgi Dosyaları">
      <UniqueIdentifier>{93995380-89BD-4b04-88EB-625FBE52EBFB}</UniqueIdentifier>
      <Extensions>h;hh;hpp;hxx;h++;hm;inl;inc;ipp;xsd</Extensions>
    </Filter>
    <Filter Include="Kaynak Dosyaları">
      <UniqueIdentifier>{67DA6AB6-F800-4c08-8B7A-83BB121AAD01}</UniqueIdentifier>
      <Extensions>rc;ico;cur;bmp;dlg;rc2;rct;bin;rgs;gif;jpg;jpeg;jpe;resx;tiff;tif;png;wav;mfcribbon-ms</Extensions>
    </Filter>
    <Filter Include="Kaynak Dosyalar\header_file">
      <UniqueIdentifier>{a178f398-6f42-4b10-b004-c04e1c92beb4}</UniqueIdentifier>
    </Filter>
    <Filter Include="Kaynak Dosyalar\Source_file">
      <UniqueIdentifier>{5ad0c307-d2c4-46de-bc57-3bdaf9b7260a}</UniqueIdentifier>
    </Filter>
  </ItemGroup>
  <ItemGroup>
    <ClInclude Include="resource.h">
      <Filter>Üst Bilgi Dosyaları</Filter>
    </ClInclude>
    <ClInclude Include="source\header\AABB.h">
      <Filter>Kaynak Dosyalar\header_file</Filter>
    </ClInclude>
    <ClInclude Include="source\header\AreaLight.h">
      <Filter>Kaynak Dosyalar\header_file</Filter>
    </ClInclude>
    <ClInclude Include="source\header\AssimpLoader.h">
      <Filter>Kaynak Dosyalar\header_file</Filter>
    </ClInclude>
    <ClInclude Include="source\header\AtmosphericEffects.h">
      <Filter>Kaynak Dosyalar\header_file</Filter>
    </ClInclude>
    <ClInclude Include="source\header\Box.h">
      <Filter>Kaynak Dosyalar\header_file</Filter>
    </ClInclude>
    <ClInclude Include="source\header\Camera.h">
      <Filter>Kaynak Dosyalar\header_file</Filter>
    </ClInclude>
    <ClInclude Include="source\header\Dielectric.h">
      <Filter>Kaynak Dosyalar\header_file</Filter>
    </ClInclude>
    <ClInclude Include="source\header\DiffuseLight.h">
      <Filter>Kaynak Dosyalar\header_file</Filter>
    </ClInclude>
    <ClInclude Include="source\header\DirectionalLight.h">
      <Filter>Kaynak Dosyalar\header_file</Filter>
    </ClInclude>
    <ClInclude Include="source\header\EmissiveMaterial.h">
      <Filter>Kaynak Dosyalar\header_file</Filter>
    </ClInclude>
    <ClInclude Include="source\header\globals.h">
      <Filter>Kaynak Dosyalar\header_file</Filter>
    </ClInclude>
    <ClInclude Include="source\header\Hittable.h">
      <Filter>Kaynak Dosyalar\header_file</Filter>
    </ClInclude>
    <ClInclude Include="source\header\HittableList.h">
      <Filter>Kaynak Dosyalar\header_file</Filter>
    </ClInclude>
    <ClInclude Include="source\header\json.hpp">
      <Filter>Kaynak Dosyalar\header_file</Filter>
    </ClInclude>
    <ClInclude Include="source\header\Light.h">
      <Filter>Kaynak Dosyalar\header_file</Filter>
    </ClInclude>
    <ClInclude Include="source\header\Material.h">
      <Filter>Kaynak Dosyalar\header_file</Filter>
    </ClInclude>
    <ClInclude Include="source\header\Matrix4x4.h">
      <Filter>Kaynak Dosyalar\header_file</Filter>
    </ClInclude>
    <ClInclude Include="source\header\Mesh.h">
      <Filter>Kaynak Dosyalar\header_file</Filter>
    </ClInclude>
    <ClInclude Include="source\header\Metal.h">
      <Filter>Kaynak Dosyalar\header_file</Filter>
    </ClInclude>
    <ClInclude Include="source\header\OptixWrapper.h">
      <Filter>Kaynak Dosyalar\header_file</Filter>
    </ClInclude>
    <ClInclude Include="source\header\ParallelBVHNode.h">
      <Filter>Kaynak Dosyalar\header_file</Filter>
    </ClInclude>
    <ClInclude Include="source\header\Plane.h">
      <Filter>Kaynak Dosyalar\header_file</Filter>
    </ClInclude>
    <ClInclude Include="source\header\PointLight.h">
      <Filter>Kaynak Dosyalar\header_file</Filter>
    </ClInclude>
    <ClInclude Include="source\header\PrincipledBSDF.h">
      <Filter>Kaynak Dosyalar\header_file</Filter>
    </ClInclude>
    <ClInclude Include="source\header\Quaternion.h">
      <Filter>Kaynak Dosyalar\header_file</Filter>
    </ClInclude>
    <ClInclude Include="source\header\Ray.h">
      <Filter>Kaynak Dosyalar\header_file</Filter>
    </ClInclude>
    <ClInclude Include="source\header\Renderer.h">
      <Filter>Kaynak Dosyalar\header_file</Filter>
    </ClInclude>
    <ClInclude Include="source\header\resource.h">
      <Filter>Kaynak Dosyalar\header_file</Filter>
    </ClInclude>
    <ClInclude Include="source\header\SmartUVProjection.h">
      <Filter>Kaynak Dosyalar\header_file</Filter>
    </ClInclude>
    <ClInclude Include="source\header\Sphere.h">
      <Filter>Kaynak Dosyalar\header_file</Filter>
    </ClInclude>
    <ClInclude Include="source\header\SpotLight.h">
      <Filter>Kaynak Dosyalar\header_file</Filter>
    </ClInclude>
    <ClInclude Include="source\header\Texture.h">
      <Filter>Kaynak Dosyalar\header_file</Filter>
    </ClInclude>
    <ClInclude Include="source\header\ThreadLocalRNG.h">
      <Filter>Kaynak Dosyalar\header_file</Filter>
    </ClInclude>
    <ClInclude Include="source\header\Triangle.h">
      <Filter>Kaynak Dosyalar\header_file</Filter>
    </ClInclude>
    <ClInclude Include="source\header\Vec2.h">
      <Filter>Kaynak Dosyalar\header_file</Filter>
    </ClInclude>
    <ClInclude Include="source\header\Vec3.h">
      <Filter>Kaynak Dosyalar\header_file</Filter>
    </ClInclude>
    <ClInclude Include="source\header\Vec3SIMD.h">
      <Filter>Kaynak Dosyalar\header_file</Filter>
    </ClInclude>
    <ClInclude Include="source\header\Volumetric.h">
      <Filter>Kaynak Dosyalar\header_file</Filter>
    </ClInclude>
    <ClInclude Include="source\header\CPUInfo.h">
      <Filter>Kaynak Dosyalar\header_file</Filter>
    </ClInclude>
  </ItemGroup>
  <ItemGroup>
    <ResourceCompile Include="raytracing_render_code.rc">
      <Filter>Kaynak Dosyaları</Filter>
    </ResourceCompile>
  </ItemGroup>
  <ItemGroup>
    <ClCompile Include="source\cpp_file\AABB.cpp">
      <Filter>Kaynak Dosyalar\Source_file</Filter>
    </ClCompile>
    <ClCompile Include="source\cpp_file\AreaLight.cpp">
      <Filter>Kaynak Dosyalar\Source_file</Filter>
    </ClCompile>
    <ClCompile Include="source\cpp_file\AssimpLoader.cpp">
      <Filter>Kaynak Dosyalar\Source_file</Filter>
    </ClCompile>
    <ClCompile Include="source\cpp_file\AtmosphericEffects.cpp">
      <Filter>Kaynak Dosyalar\Source_file</Filter>
    </ClCompile>
    <ClCompile Include="source\cpp_file\Box.cpp">
      <Filter>Kaynak Dosyalar\Source_file</Filter>
    </ClCompile>
    <ClCompile Include="source\cpp_file\Camera.cpp">
      <Filter>Kaynak Dosyalar\Source_file</Filter>
    </ClCompile>
    <ClCompile Include="source\cpp_file\Dielectric.cpp">
      <Filter>Kaynak Dosyalar\Source_file</Filter>
    </ClCompile>
    <ClCompile Include="source\cpp_file\DiffuseLight.cpp">
      <Filter>Kaynak Dosyalar\Source_file</Filter>
    </ClCompile>
    <ClCompile Include="source\cpp_file\DirectionalLight.cpp">
      <Filter>Kaynak Dosyalar\Source_file</Filter>
    </ClCompile>
    <ClCompile Include="source\cpp_file\EmissiveMaterial.cpp">
      <Filter>Kaynak Dosyalar\Source_file</Filter>
    </ClCompile>
    <ClCompile Include="source\cpp_file\globals.cpp">
      <Filter>Kaynak Dosyalar\Source_file</Filter>
    </ClCompile>
    <ClCompile Include="source\cpp_file\HittableList.cpp">
      <Filter>Kaynak Dosyalar\Source_file</Filter>
    </ClCompile>
    <ClCompile Include="source\cpp_file\Light.cpp">
      <Filter>Kaynak Dosyalar\Source_file</Filter>
    </ClCompile>
    <ClCompile Include="source\cpp_file\Main.cpp">
      <Filter>Kaynak Dosyalar\Source_file</Filter>
    </ClCompile>
    <ClCompile Include="source\cpp_file\Material.cpp">
      <Filter>Kaynak Dosyalar\Source_file</Filter>
    </ClCompile>
    <ClCompile Include="source\cpp_file\Matrix4x4.cpp">
      <Filter>Kaynak Dosyalar\Source_file</Filter>
    </ClCompile>
    <ClCompile Include="source\cpp_file\Mesh.cpp">
      <Filter>Kaynak Dosyalar\Source_file</Filter>
    </ClCompile>
    <ClCompile Include="source\cpp_file\Metal.cpp">
      <Filter>Kaynak Dosyalar\Source_file</Filter>
    </ClCompile>
    <ClCompile Include="source\cpp_file\OptixWrapper.cpp">
      <Filter>Kaynak Dosyalar\Source_file</Filter>
    </ClCompile>
    <ClCompile Include="source\cpp_file\ParallelBVHNode.cpp">
      <Filter>Kaynak Dosyalar\Source_file</Filter>
    </ClCompile>
    <ClCompile Include="source\cpp_file\PointLight.cpp">
      <Filter>Kaynak Dosyalar\Source_file</Filter>
    </ClCompile>
    <ClCompile Include="source\cpp_file\PrincipledBSDF.cpp">
      <Filter>Kaynak Dosyalar\Source_file</Filter>
    </ClCompile>
    <ClCompile Include="source\cpp_file\Renderer.cpp">
      <Filter>Kaynak Dosyalar\Source_file</Filter>
    </ClCompile>
    <ClCompile Include="source\cpp_file\SmartUVProjection.cpp">
      <Filter>Kaynak Dosyalar\Source_file</Filter>
    </ClCompile>
    <ClCompile Include="source\cpp_file\Sphere.cpp">
      <Filter>Kaynak Dosyalar\Source_file</Filter>
    </ClCompile>
    <ClCompile Include="source\cpp_file\SpotLight.cpp">
      <Filter>Kaynak Dosyalar\Source_file</Filter>
    </ClCompile>
    <ClCompile Include="source\cpp_file\Texture.cpp">
      <Filter>Kaynak Dosyalar\Source_file</Filter>
    </ClCompile>
    <ClCompile Include="source\cpp_file\ThreadLocalRNG.cpp">
      <Filter>Kaynak Dosyalar\Source_file</Filter>
    </ClCompile>
    <ClCompile Include="source\cpp_file\Triangle.cpp">
      <Filter>Kaynak Dosyalar\Source_file</Filter>
    </ClCompile>
    <ClCompile Include="source\cpp_file\Vec2.cpp">
      <Filter>Kaynak Dosyalar\Source_file</Filter>
    </ClCompile>
    <ClCompile Include="source\cpp_file\Vec3.cpp">
      <Filter>Kaynak Dosyalar\Source_file</Filter>
    </ClCompile>
    <ClCompile Include="source\cpp_file\Vec3SIMD.cpp">
      <Filter>Kaynak Dosyalar\Source_file</Filter>
    </ClCompile>
    <ClCompile Include="source\cpp_file\Volumetric.cpp">
      <Filter>Kaynak Dosyalar\Source_file</Filter>
    </ClCompile>
  </ItemGroup>
  <ItemGroup>
    <None Include="source\cpp_file\optix_kernels.cu">
      <Filter>Kaynak Dosyalar\Source_file</Filter>
    </None>
    <None Include="source\cpp_file\RayGen.cu">
      <Filter>Kaynak Dosyalar\Source_file</Filter>
    </None>
  </ItemGroup>
</Project>